// !$*UTF8*$!
{
	archiveVersion = 1;
	classes = {
	};
	objectVersion = 77;
	objects = {

/* Begin PBXBuildFile section */
		B10000000000000000000001 /* StudioHomeView.swift in Sources */ = {isa = PBXBuildFile; fileRef = A10000000000000000000001 /* StudioHomeView.swift */; };
		B10000000000000000000002 /* GlifiStudioMacApp.swift in Sources */ = {isa = PBXBuildFile; fileRef = A10000000000000000000002 /* GlifiStudioMacApp.swift */; };
		B10000000000000000000003 /* StudioHomeView.swift in Sources */ = {isa = PBXBuildFile; fileRef = A10000000000000000000001 /* StudioHomeView.swift */; };
		B10000000000000000000004 /* GlifiStudioPadApp.swift in Sources */ = {isa = PBXBuildFile; fileRef = A10000000000000000000003 /* GlifiStudioPadApp.swift */; };
		B10000000000000000000005 /* GlifiKit in Frameworks */ = {isa = PBXBuildFile; productRef = J10000000000000000000001 /* GlifiKit */; };
		B10000000000000000000006 /* GlifiKit in Frameworks */ = {isa = PBXBuildFile; productRef = J10000000000000000000002 /* GlifiKit */; };
		B10000000000000000000007 /* Localizable.xcstrings in Resources */ = {isa = PBXBuildFile; fileRef = A1000000000000000000000D /* Localizable.xcstrings */; };
		B10000000000000000000008 /* Localizable.xcstrings in Resources */ = {isa = PBXBuildFile; fileRef = A1000000000000000000000D /* Localizable.xcstrings */; };
		B10000000000000000000009 /* StudioHomeModel.swift in Sources */ = {isa = PBXBuildFile; fileRef = A1000000000000000000000E /* StudioHomeModel.swift */; };
		B1000000000000000000000A /* StudioHomeModel.swift in Sources */ = {isa = PBXBuildFile; fileRef = A1000000000000000000000E /* StudioHomeModel.swift */; };
		B1000000000000000000000B /* PrivacyInfo.xcprivacy in Resources */ = {isa = PBXBuildFile; fileRef = A1000000000000000000000F /* PrivacyInfo.xcprivacy */; };
		B1000000000000000000000C /* PrivacyInfo.xcprivacy in Resources */ = {isa = PBXBuildFile; fileRef = A1000000000000000000000F /* PrivacyInfo.xcprivacy */; };
		B1000000000000000000000D /* Assets.xcassets in Resources */ = {isa = PBXBuildFile; fileRef = A10000000000000000000011 /* Assets.xcassets */; };
		B1000000000000000000000E /* Assets.xcassets in Resources */ = {isa = PBXBuildFile; fileRef = A10000000000000000000011 /* Assets.xcassets */; };
		B1000000000000000000000F /* GlifiStudioDocument.swift in Sources */ = {isa = PBXBuildFile; fileRef = A10000000000000000000012 /* GlifiStudioDocument.swift */; };
		B10000000000000000000010 /* GlifiStudioDocument.swift in Sources */ = {isa = PBXBuildFile; fileRef = A10000000000000000000012 /* GlifiStudioDocument.swift */; };
/* End PBXBuildFile section */

/* Begin PBXFileReference section */
		A10000000000000000000001 /* StudioHomeView.swift */ = {isa = PBXFileReference; lastKnownFileType = sourcecode.swift; path = StudioHomeView.swift; sourceTree = "<group>"; };
		A10000000000000000000002 /* GlifiStudioMacApp.swift */ = {isa = PBXFileReference; lastKnownFileType = sourcecode.swift; path = GlifiStudioMacApp.swift; sourceTree = "<group>"; };
		A10000000000000000000003 /* GlifiStudioPadApp.swift */ = {isa = PBXFileReference; lastKnownFileType = sourcecode.swift; path = GlifiStudioPadApp.swift; sourceTree = "<group>"; };
		A10000000000000000000004 /* GlifiStudio.app */ = {isa = PBXFileReference; explicitFileType = wrapper.application; includeInIndex = 0; path = GlifiStudio.app; sourceTree = BUILT_PRODUCTS_DIR; };
		A10000000000000000000005 /* GlifiStudio.app */ = {isa = PBXFileReference; explicitFileType = wrapper.application; includeInIndex = 0; path = GlifiStudio.app; sourceTree = BUILT_PRODUCTS_DIR; };
		A10000000000000000000006 /* Base.xcconfig */ = {isa = PBXFileReference; lastKnownFileType = text.xcconfig; path = Base.xcconfig; sourceTree = "<group>"; };
		A10000000000000000000007 /* Debug.xcconfig */ = {isa = PBXFileReference; lastKnownFileType = text.xcconfig; path = Debug.xcconfig; sourceTree = "<group>"; };
		A10000000000000000000008 /* Release.xcconfig */ = {isa = PBXFileReference; lastKnownFileType = text.xcconfig; path = Release.xcconfig; sourceTree = "<group>"; };
		A10000000000000000000009 /* macOS-Debug.xcconfig */ = {isa = PBXFileReference; lastKnownFileType = text.xcconfig; path = "macOS-Debug.xcconfig"; sourceTree = "<group>"; };
		A1000000000000000000000A /* macOS-Release.xcconfig */ = {isa = PBXFileReference; lastKnownFileType = text.xcconfig; path = "macOS-Release.xcconfig"; sourceTree = "<group>"; };
		A1000000000000000000000B /* iPadOS-Debug.xcconfig */ = {isa = PBXFileReference; lastKnownFileType = text.xcconfig; path = "iPadOS-Debug.xcconfig"; sourceTree = "<group>"; };
		A1000000000000000000000C /* iPadOS-Release.xcconfig */ = {isa = PBXFileReference; lastKnownFileType = text.xcconfig; path = "iPadOS-Release.xcconfig"; sourceTree = "<group>"; };
		A1000000000000000000000D /* Localizable.xcstrings */ = {isa = PBXFileReference; lastKnownFileType = text.json.xcstrings; path = Localizable.xcstrings; sourceTree = "<group>"; };
		A1000000000000000000000E /* StudioHomeModel.swift */ = {isa = PBXFileReference; lastKnownFileType = sourcecode.swift; path = StudioHomeModel.swift; sourceTree = "<group>"; };
		A1000000000000000000000F /* PrivacyInfo.xcprivacy */ = {isa = PBXFileReference; lastKnownFileType = text.xml; path = PrivacyInfo.xcprivacy; sourceTree = "<group>"; };
		A10000000000000000000010 /* GlifiStudio-macOS.entitlements */ = {isa = PBXFileReference; lastKnownFileType = text.plist.entitlements; path = "GlifiStudio-macOS.entitlements"; sourceTree = "<group>"; };
		A10000000000000000000011 /* Assets.xcassets */ = {isa = PBXFileReference; lastKnownFileType = folder.assetcatalog; path = Assets.xcassets; sourceTree = "<group>"; };
		A10000000000000000000012 /* GlifiStudioDocument.swift */ = {isa = PBXFileReference; lastKnownFileType = sourcecode.swift; path = GlifiStudioDocument.swift; sourceTree = "<group>"; };
		A10000000000000000000013 /* GlifiStudio-Info.plist */ = {isa = PBXFileReference; lastKnownFileType = text.plist.xml; path = "GlifiStudio-Info.plist"; sourceTree = "<group>"; };
/* End PBXFileReference section */

/* Begin PBXFrameworksBuildPhase section */
		D10000000000000000000002 /* Frameworks */ = {
			isa = PBXFrameworksBuildPhase;
			buildActionMask = 2147483647;
			files = (
				B10000000000000000000005 /* GlifiKit in Frameworks */,
			);
			runOnlyForDeploymentPostprocessing = 0;
		};
		D10000000000000000000005 /* Frameworks */ = {
			isa = PBXFrameworksBuildPhase;
			buildActionMask = 2147483647;
			files = (
				B10000000000000000000006 /* GlifiKit in Frameworks */,
			);
			runOnlyForDeploymentPostprocessing = 0;
		};
/* End PBXFrameworksBuildPhase section */

/* Begin PBXGroup section */
		C10000000000000000000001 = {
			isa = PBXGroup;
			children = (
				C10000000000000000000002 /* Apps */,
				C10000000000000000000006 /* Config */,
				C10000000000000000000007 /* Products */,
			);
			sourceTree = "<group>";
		};
		C10000000000000000000002 /* Apps */ = {
			isa = PBXGroup;
			children = (
				C10000000000000000000003 /* Shared */,
				C10000000000000000000004 /* macOS */,
				C10000000000000000000005 /* iPadOS */,
			);
			path = Apps;
			sourceTree = "<group>";
		};
		C10000000000000000000003 /* Shared */ = {
			isa = PBXGroup;
			children = (
				A10000000000000000000001 /* StudioHomeView.swift */,
				A1000000000000000000000E /* StudioHomeModel.swift */,
				A10000000000000000000012 /* GlifiStudioDocument.swift */,
				C10000000000000000000008 /* Resources */,
			);
			path = Shared;
			sourceTree = "<group>";
		};
		C10000000000000000000004 /* macOS */ = {
			isa = PBXGroup;
			children = (
				A10000000000000000000002 /* GlifiStudioMacApp.swift */,
			);
			path = macOS;
			sourceTree = "<group>";
		};
		C10000000000000000000005 /* iPadOS */ = {
			isa = PBXGroup;
			children = (
				A10000000000000000000003 /* GlifiStudioPadApp.swift */,
			);
			path = iPadOS;
			sourceTree = "<group>";
		};
		C10000000000000000000006 /* Config */ = {
			isa = PBXGroup;
			children = (
				A10000000000000000000006 /* Base.xcconfig */,
				A10000000000000000000007 /* Debug.xcconfig */,
				A10000000000000000000008 /* Release.xcconfig */,
				A10000000000000000000009 /* macOS-Debug.xcconfig */,
				A1000000000000000000000A /* macOS-Release.xcconfig */,
				A1000000000000000000000B /* iPadOS-Debug.xcconfig */,
				A1000000000000000000000C /* iPadOS-Release.xcconfig */,
				A10000000000000000000010 /* GlifiStudio-macOS.entitlements */,
				A10000000000000000000013 /* GlifiStudio-Info.plist */,
			);
			path = Config;
			sourceTree = "<group>";
		};
		C10000000000000000000007 /* Products */ = {
			isa = PBXGroup;
			children = (
				A10000000000000000000004 /* GlifiStudio.app */,
				A10000000000000000000005 /* GlifiStudio.app */,
			);
			name = Products;
			sourceTree = "<group>";
		};
		C10000000000000000000008 /* Resources */ = {
			isa = PBXGroup;
			children = (
				A1000000000000000000000D /* Localizable.xcstrings */,
				A1000000000000000000000F /* PrivacyInfo.xcprivacy */,
				A10000000000000000000011 /* Assets.xcassets */,
			);
			path = Resources;
			sourceTree = "<group>";
		};
/* End PBXGroup section */

/* Begin PBXNativeTarget section */
		E10000000000000000000001 /* GlifiStudio-macOS */ = {
			isa = PBXNativeTarget;
			buildConfigurationList = H10000000000000000000002 /* Build configuration list for PBXNativeTarget "GlifiStudio-macOS" */;
			buildPhases = (
				D10000000000000000000001 /* Sources */,
				D10000000000000000000002 /* Frameworks */,
				D10000000000000000000003 /* Resources */,
			);
			buildRules = (
			);
			dependencies = (
			);
			name = "GlifiStudio-macOS";
			packageProductDependencies = (
				J10000000000000000000001 /* GlifiKit */,
			);
			productName = GlifiStudio;
			productReference = A10000000000000000000004 /* GlifiStudio.app */;
			productType = "com.apple.product-type.application";
		};
		E10000000000000000000002 /* GlifiStudio-iPadOS */ = {
			isa = PBXNativeTarget;
			buildConfigurationList = H10000000000000000000003 /* Build configuration list for PBXNativeTarget "GlifiStudio-iPadOS" */;
			buildPhases = (
				D10000000000000000000004 /* Sources */,
				D10000000000000000000005 /* Frameworks */,
				D10000000000000000000006 /* Resources */,
			);
			buildRules = (
			);
			dependencies = (
			);
			name = "GlifiStudio-iPadOS";
			packageProductDependencies = (
				J10000000000000000000002 /* GlifiKit */,
			);
			productName = GlifiStudio;
			productReference = A10000000000000000000005 /* GlifiStudio.app */;
			productType = "com.apple.product-type.application";
		};
/* End PBXNativeTarget section */

/* Begin PBXProject section */
		F10000000000000000000001 /* Project object */ = {
			isa = PBXProject;
			attributes = {
				BuildIndependentTargetsInParallel = 1;
				LastSwiftUpdateCheck = 2700;
				LastUpgradeCheck = 2700;
				TargetAttributes = {
					E10000000000000000000001 = {
						CreatedOnToolsVersion = 27.0;
						SystemCapabilities = {
							com.apple.HardenedRuntime = {
								enabled = 1;
							};
							com.apple.Sandbox = {
								enabled = 1;
							};
						};
					};
					E10000000000000000000002 = {
						CreatedOnToolsVersion = 27.0;
					};
				};
			};
			buildConfigurationList = H10000000000000000000001 /* Build configuration list for PBXProject "GlifiStudio" */;
			compatibilityVersion = "Xcode 16.0";
			developmentRegion = it;
			hasScannedForEncodings = 0;
			knownRegions = (
				it,
				en,
				Base,
			);
			mainGroup = C10000000000000000000001;
			minimizedProjectReferenceProxies = 1;
			packageReferences = (
				I10000000000000000000001 /* XCLocalSwiftPackageReference "Packages/GlifiCore" */,
			);
			preferredProjectObjectVersion = 77;
			productRefGroup = C10000000000000000000007 /* Products */;
			projectDirPath = "";
			projectRoot = "";
			targets = (
				E10000000000000000000001 /* GlifiStudio-macOS */,
				E10000000000000000000002 /* GlifiStudio-iPadOS */,
			);
		};
/* End PBXProject section */

/* Begin PBXResourcesBuildPhase section */
		D10000000000000000000003 /* Resources */ = {
			isa = PBXResourcesBuildPhase;
			buildActionMask = 2147483647;
			files = (
				B10000000000000000000007 /* Localizable.xcstrings in Resources */,
				B1000000000000000000000B /* PrivacyInfo.xcprivacy in Resources */,
				B1000000000000000000000D /* Assets.xcassets in Resources */,
			);
			runOnlyForDeploymentPostprocessing = 0;
		};
		D10000000000000000000006 /* Resources */ = {
			isa = PBXResourcesBuildPhase;
			buildActionMask = 2147483647;
			files = (
				B10000000000000000000008 /* Localizable.xcstrings in Resources */,
				B1000000000000000000000C /* PrivacyInfo.xcprivacy in Resources */,
				B1000000000000000000000E /* Assets.xcassets in Resources */,
			);
			runOnlyForDeploymentPostprocessing = 0;
		};
/* End PBXResourcesBuildPhase section */

/* Begin PBXSourcesBuildPhase section */
		D10000000000000000000001 /* Sources */ = {
			isa = PBXSourcesBuildPhase;
			buildActionMask = 2147483647;
			files = (
				B10000000000000000000001 /* StudioHomeView.swift in Sources */,
				B10000000000000000000009 /* StudioHomeModel.swift in Sources */,
				B1000000000000000000000F /* GlifiStudioDocument.swift in Sources */,
				B10000000000000000000002 /* GlifiStudioMacApp.swift in Sources */,
			);
			runOnlyForDeploymentPostprocessing = 0;
		};
		D10000000000000000000004 /* Sources */ = {
			isa = PBXSourcesBuildPhase;
			buildActionMask = 2147483647;
			files = (
				B10000000000000000000003 /* StudioHomeView.swift in Sources */,
				B1000000000000000000000A /* StudioHomeModel.swift in Sources */,
				B10000000000000000000010 /* GlifiStudioDocument.swift in Sources */,
				B10000000000000000000004 /* GlifiStudioPadApp.swift in Sources */,
			);
			runOnlyForDeploymentPostprocessing = 0;
		};
/* End PBXSourcesBuildPhase section */

/* Begin XCBuildConfiguration section */
		G10000000000000000000001 /* Debug */ = {
			isa = XCBuildConfiguration;
			baseConfigurationReference = A10000000000000000000007 /* Debug.xcconfig */;
			buildSettings = {
			};
			name = Debug;
		};
		G10000000000000000000002 /* Release */ = {
			isa = XCBuildConfiguration;
			baseConfigurationReference = A10000000000000000000008 /* Release.xcconfig */;
			buildSettings = {
			};
			name = Release;
		};
		G10000000000000000000003 /* Debug */ = {
			isa = XCBuildConfiguration;
			baseConfigurationReference = A10000000000000000000009 /* macOS-Debug.xcconfig */;
			buildSettings = {
			};
			name = Debug;
		};
		G10000000000000000000004 /* Release */ = {
			isa = XCBuildConfiguration;
			baseConfigurationReference = A1000000000000000000000A /* macOS-Release.xcconfig */;
			buildSettings = {
			};
			name = Release;
		};
		G10000000000000000000005 /* Debug */ = {
			isa = XCBuildConfiguration;
			baseConfigurationReference = A1000000000000000000000B /* iPadOS-Debug.xcconfig */;
			buildSettings = {
			};
			name = Debug;
		};
		G10000000000000000000006 /* Release */ = {
			isa = XCBuildConfiguration;
			baseConfigurationReference = A1000000000000000000000C /* iPadOS-Release.xcconfig */;
			buildSettings = {
			};
			name = Release;
		};
/* End XCBuildConfiguration section */

/* Begin XCConfigurationList section */
		H10000000000000000000001 /* Build configuration list for PBXProject "GlifiStudio" */ = {
			isa = XCConfigurationList;
			buildConfigurations = (
				G10000000000000000000001 /* Debug */,
				G10000000000000000000002 /* Release */,
			);
			defaultConfigurationIsVisible = 0;
			defaultConfigurationName = Release;
		};
		H10000000000000000000002 /* Build configuration list for PBXNativeTarget "GlifiStudio-macOS" */ = {
			isa = XCConfigurationList;
			buildConfigurations = (
				G10000000000000000000003 /* Debug */,
				G10000000000000000000004 /* Release */,
			);
			defaultConfigurationIsVisible = 0;
			defaultConfigurationName = Release;
		};
		H10000000000000000000003 /* Build configuration list for PBXNativeTarget "GlifiStudio-iPadOS" */ = {
			isa = XCConfigurationList;
			buildConfigurations = (
				G10000000000000000000005 /* Debug */,
				G10000000000000000000006 /* Release */,
			);
			defaultConfigurationIsVisible = 0;
			defaultConfigurationName = Release;
		};
/* End XCConfigurationList section */

/* Begin XCLocalSwiftPackageReference section */
		I10000000000000000000001 /* XCLocalSwiftPackageReference "Packages/GlifiCore" */ = {
			isa = XCLocalSwiftPackageReference;
			relativePath = Packages/GlifiCore;
		};
/* End XCLocalSwiftPackageReference section */

/* Begin XCSwiftPackageProductDependency section */
		J10000000000000000000001 /* GlifiKit */ = {
			isa = XCSwiftPackageProductDependency;
			package = I10000000000000000000001 /* XCLocalSwiftPackageReference "Packages/GlifiCore" */;
			productName = GlifiKit;
		};
		J10000000000000000000002 /* GlifiKit */ = {
			isa = XCSwiftPackageProductDependency;
			package = I10000000000000000000001 /* XCLocalSwiftPackageReference "Packages/GlifiCore" */;
			productName = GlifiKit;
		};
/* End XCSwiftPackageProductDependency section */
	};
	rootObject = F10000000000000000000001 /* Project object */;
}
